{
    "_readme": [
        "This file locks the dependencies of your project to a known state",
        "Read more about it at https://getcomposer.org/doc/01-basic-usage.md#installing-dependencies",
        "This file is @generated automatically"
    ],
    "content-hash": "f1d72ad94f09896a1a878c65f77af87e",
    "packages": [
        {
            "name": "hackzilla/password-generator",
            "version": "1.7.0",
            "source": {
                "type": "git",
                "url": "https://github.com/hackzilla/password-generator.git",
                "reference": "743c8493d2c33ebf9496a1c3c248efeb568fe134"
            },
            "dist": {
                "type": "zip",
                "url": "https://api.github.com/repos/hackzilla/password-generator/zipball/743c8493d2c33ebf9496a1c3c248efeb568fe134",
                "reference": "743c8493d2c33ebf9496a1c3c248efeb568fe134",
                "shasum": ""
            },
            "require": {
                "ext-mbstring": "*",
                "php": ">=8.0"
            },
            "require-dev": {
                "phpunit/phpunit": "^9.0"
            },
            "type": "library",
            "autoload": {
                "psr-4": {
                    "Hackzilla\\PasswordGenerator\\": ""
                }
            },
            "notification-url": "https://packagist.org/downloads/",
            "license": [
                "MIT"
            ],
            "authors": [
                {
                    "name": "Daniel Platt",
                    "email": "github@ofdan.co.uk",
                    "homepage": "https://www.hackzilla.org"
                }
            ],
            "description": "Password Generator Library",
            "support": {
                "issues": "https://github.com/hackzilla/password-generator/issues",
                "source": "https://github.com/hackzilla/password-generator/tree/1.7.0"
            },
            "time": "2024-08-23T17:13:49+00:00"
        }
    ],
    "packages-dev": [],
    "aliases": [],
    "minimum-stability": "stable",
    "stability-flags": {},
    "prefer-stable": false,
    "prefer-lowest": false,
    "platform": {},
    "platform-dev": {},
    "plugin-api-version": "2.9.0"
}
